
Microsoft Visual Studio Solution File, Format Version 12.00
# Visual Studio Version 16
VisualStudioVersion = 16.0.31515.178
MinimumVisualStudioVersion = 10.0.40219.1
Project("{FAE04EC0-301F-11D3-BF4B-00C04F79EFBC}") = "Demo", "Demo\Demo.csproj", "{11374518-A9A4-4D6C-9053-98837382C343}"
EndProject
Global
	GlobalSection(SolutionConfigurationPlatforms) = preSolution
		Debug|Any CPU = Debug|Any CPU
		Release|Any CPU = Release|Any CPU
	EndGlobalSection
	GlobalSection(ProjectConfigurationPlatforms) = postSolution
		{11374518-A9A4-4D6C-9053-98837382C343}.Debug|Any CPU.ActiveCfg = Debug|Any CPU
		{11374518-A9A4-4D6C-9053-98837382C343}.Debug|Any CPU.Build.0 = Debug|Any CPU
		{11374518-A9A4-4D6C-9053-98837382C343}.Release|Any CPU.ActiveCfg = Release|Any CPU
		{11374518-A9A4-4D6C-9053-98837382C343}.Release|Any CPU.Build.0 = Release|Any CPU
	EndGlobalSection
	GlobalSection(SolutionProperties) = preSolution
		HideSolutionNode = FALSE
	EndGlobalSection
	GlobalSection(ExtensibilityGlobals) = postSolution
		SolutionGuid = {A3AEC358-1D05-494D-AB46-6A0CBF3996E5}
	EndGlobalSection
EndGlobal
